
Microsoft Visual Studio Solution File, Format Version 12.00
# Visual Studio Version 17
VisualStudioVersion = 17.5.33530.505
MinimumVisualStudioVersion = 10.0.40219.1
Project("{FAE04EC0-301F-11D3-BF4B-00C04F79EFBC}") = "CRUDWebUsuariosApi", "CRUDWebUsuariosApi.csproj", "{6620C5CC-74DE-4F80-BBCD-ACA01150948E}"
EndProject
Global
	GlobalSection(SolutionConfigurationPlatforms) = preSolution
		Debug|Any CPU = Debug|Any CPU
		Release|Any CPU = Release|Any CPU
	EndGlobalSection
	GlobalSection(ProjectConfigurationPlatforms) = postSolution
		{6620C5CC-74DE-4F80-BBCD-ACA01150948E}.Debug|Any CPU.ActiveCfg = Debug|Any CPU
		{6620C5CC-74DE-4F80-BBCD-ACA01150948E}.Debug|Any CPU.Build.0 = Debug|Any CPU
		{6620C5CC-74DE-4F80-BBCD-ACA01150948E}.Release|Any CPU.ActiveCfg = Release|Any CPU
		{6620C5CC-74DE-4F80-BBCD-ACA01150948E}.Release|Any CPU.Build.0 = Release|Any CPU
	EndGlobalSection
	GlobalSection(SolutionProperties) = preSolution
		HideSolutionNode = FALSE
	EndGlobalSection
	GlobalSection(ExtensibilityGlobals) = postSolution
		SolutionGuid = {313B8070-273B-4FAC-8931-86E2156719CD}
	EndGlobalSection
EndGlobal
